
Microsoft Visual Studio Solution File, Format Version 12.00
# Visual Studio Version 17
VisualStudioVersion = 17.12.35506.116
MinimumVisualStudioVersion = 10.0.40219.1
Project("{FAE04EC0-301F-11D3-BF4B-00C04F79EFBC}") = "Web", "Web\Web.csproj", "{447F948D-06B9-4C41-8D36-070F869FD68A}"
EndProject
Project("{FAE04EC0-301F-11D3-BF4B-00C04F79EFBC}") = "Data", "Data\Data.csproj", "{097E46C8-3C71-4BE4-BE11-5779B9ADCEA6}"
EndProject
Project("{FAE04EC0-301F-11D3-BF4B-00C04F79EFBC}") = "Domain", "Domain\Domain.csproj", "{8AD1FA8B-3180-462E-B753-008166BFB791}"
EndProject
Global
	GlobalSection(SolutionConfigurationPlatforms) = preSolution
		Debug|Any CPU = Debug|Any CPU
		Release|Any CPU = Release|Any CPU
	EndGlobalSection
	GlobalSection(ProjectConfigurationPlatforms) = postSolution
		{447F948D-06B9-4C41-8D36-070F869FD68A}.Debug|Any CPU.ActiveCfg = Debug|Any CPU
		{447F948D-06B9-4C41-8D36-070F869FD68A}.Debug|Any CPU.Build.0 = Debug|Any CPU
		{447F948D-06B9-4C41-8D36-070F869FD68A}.Release|Any CPU.ActiveCfg = Release|Any CPU
		{447F948D-06B9-4C41-8D36-070F869FD68A}.Release|Any CPU.Build.0 = Release|Any CPU
		{097E46C8-3C71-4BE4-BE11-5779B9ADCEA6}.Debug|Any CPU.ActiveCfg = Debug|Any CPU
		{097E46C8-3C71-4BE4-BE11-5779B9ADCEA6}.Debug|Any CPU.Build.0 = Debug|Any CPU
		{097E46C8-3C71-4BE4-BE11-5779B9ADCEA6}.Release|Any CPU.ActiveCfg = Release|Any CPU
		{097E46C8-3C71-4BE4-BE11-5779B9ADCEA6}.Release|Any CPU.Build.0 = Release|Any CPU
		{8AD1FA8B-3180-462E-B753-008166BFB791}.Debug|Any CPU.ActiveCfg = Debug|Any CPU
		{8AD1FA8B-3180-462E-B753-008166BFB791}.Debug|Any CPU.Build.0 = Debug|Any CPU
		{8AD1FA8B-3180-462E-B753-008166BFB791}.Release|Any CPU.ActiveCfg = Release|Any CPU
		{8AD1FA8B-3180-462E-B753-008166BFB791}.Release|Any CPU.Build.0 = Release|Any CPU
	EndGlobalSection
	GlobalSection(SolutionProperties) = preSolution
		HideSolutionNode = FALSE
	EndGlobalSection
EndGlobal
